
Microsoft Visual Studio Solution File, Format Version 12.00
# Visual Studio Version 17
VisualStudioVersion = 17.13.35931.197 d17.13
MinimumVisualStudioVersion = 10.0.40219.1
Project("{FAE04EC0-301F-11D3-BF4B-00C04F79EFBC}") = "irtaza", "irtaza\irtaza.csproj", "{06FD7C58-924C-486E-AABE-29812821D36E}"
EndProject
Global
	GlobalSection(SolutionConfigurationPlatforms) = preSolution
		Debug|Any CPU = Debug|Any CPU
		Release|Any CPU = Release|Any CPU
	EndGlobalSection
	GlobalSection(ProjectConfigurationPlatforms) = postSolution
		{06FD7C58-924C-486E-AABE-29812821D36E}.Debug|Any CPU.ActiveCfg = Debug|Any CPU
		{06FD7C58-924C-486E-AABE-29812821D36E}.Debug|Any CPU.Build.0 = Debug|Any CPU
		{06FD7C58-924C-486E-AABE-29812821D36E}.Release|Any CPU.ActiveCfg = Release|Any CPU
		{06FD7C58-924C-486E-AABE-29812821D36E}.Release|Any CPU.Build.0 = Release|Any CPU
	EndGlobalSection
	GlobalSection(SolutionProperties) = preSolution
		HideSolutionNode = FALSE
	EndGlobalSection
	GlobalSection(ExtensibilityGlobals) = postSolution
		SolutionGuid = {408852E8-2803-4BB6-9E4D-B7FE1274A3ED}
	EndGlobalSection
EndGlobal
